
Microsoft Visual Studio Solution File, Format Version 12.00
# Visual Studio Version 16
VisualStudioVersion = 25.0.1705.6
MinimumVisualStudioVersion = 10.0.40219.1
Project("{FAE04EC0-301F-11D3-BF4B-00C04F79EFBC}") = "PokemonReviewApp", "PokemonReviewApp\PokemonReviewApp.csproj", "{A9A26118-06AD-4BAE-8C50-DE5A36C3C193}"
EndProject
Global
	GlobalSection(SolutionConfigurationPlatforms) = preSolution
		Debug|Any CPU = Debug|Any CPU
		Release|Any CPU = Release|Any CPU
	EndGlobalSection
	GlobalSection(ProjectConfigurationPlatforms) = postSolution
		{A9A26118-06AD-4BAE-8C50-DE5A36C3C193}.Debug|Any CPU.ActiveCfg = Debug|Any CPU
		{A9A26118-06AD-4BAE-8C50-DE5A36C3C193}.Debug|Any CPU.Build.0 = Debug|Any CPU
		{A9A26118-06AD-4BAE-8C50-DE5A36C3C193}.Release|Any CPU.ActiveCfg = Release|Any CPU
		{A9A26118-06AD-4BAE-8C50-DE5A36C3C193}.Release|Any CPU.Build.0 = Release|Any CPU
	EndGlobalSection
	GlobalSection(SolutionProperties) = preSolution
		HideSolutionNode = FALSE
	EndGlobalSection
	GlobalSection(ExtensibilityGlobals) = postSolution
		SolutionGuid = {D1E445FD-23B8-4B89-815A-45E6938F605A}
	EndGlobalSection
EndGlobal
